
Microsoft Visual Studio Solution File, Format Version 12.00
# Visual Studio Version 17
VisualStudioVersion = 17.14.36109.1 d17.14
MinimumVisualStudioVersion = 10.0.40219.1
Project("{FAE04EC0-301F-11D3-BF4B-00C04F79EFBC}") = "inventryUI", "inventryUI.csproj", "{9F56E3B9-A824-4D4D-9D0D-AC9F9FCCF893}"
EndProject
Global
	GlobalSection(SolutionConfigurationPlatforms) = preSolution
		Debug|Any CPU = Debug|Any CPU
		Release|Any CPU = Release|Any CPU
	EndGlobalSection
	GlobalSection(ProjectConfigurationPlatforms) = postSolution
		{9F56E3B9-A824-4D4D-9D0D-AC9F9FCCF893}.Debug|Any CPU.ActiveCfg = Debug|Any CPU
		{9F56E3B9-A824-4D4D-9D0D-AC9F9FCCF893}.Debug|Any CPU.Build.0 = Debug|Any CPU
		{9F56E3B9-A824-4D4D-9D0D-AC9F9FCCF893}.Release|Any CPU.ActiveCfg = Release|Any CPU
		{9F56E3B9-A824-4D4D-9D0D-AC9F9FCCF893}.Release|Any CPU.Build.0 = Release|Any CPU
	EndGlobalSection
	GlobalSection(SolutionProperties) = preSolution
		HideSolutionNode = FALSE
	EndGlobalSection
	GlobalSection(ExtensibilityGlobals) = postSolution
		SolutionGuid = {BFDD082D-A53B-494B-BB60-C8EAD0E8281B}
	EndGlobalSection
EndGlobal
